// !$*UTF8*$!
{
	archiveVersion = 1;
	classes = {
	};
	objectVersion = 77;
	objects = {

/* Begin PBXBuildFile section */
		235E2A2423953F54B0398170 /* Pods_LocatedAppTests.framework in Frameworks */ = {isa = PBXBuildFile; fileRef = CE42787E22C97F7237608687 /* Pods_LocatedAppTests.framework */; };
		9A8390EFFF0365780EAEC08E /* Pods_LocatedApp.framework in Frameworks */ = {isa = PBXBuildFile; fileRef = C24124B9BB8569559BA22F83 /* Pods_LocatedApp.framework */; };
		B8255028A786D0A0FFBC95A4 /* Pods_LocatedAppUITests.framework in Frameworks */ = {isa = PBXBuildFile; fileRef = CF5716B1E64AB250942F4B8A /* Pods_LocatedAppUITests.framework */; };
/* End PBXBuildFile section */

/* Begin PBXContainerItemProxy section */
		5991B3312E73141E0007442E /* PBXContainerItemProxy */ = {
			isa = PBXContainerItemProxy;
			containerPortal = 5991B31A2E73141D0007442E /* Project object */;
			proxyType = 1;
			remoteGlobalIDString = 5991B3212E73141D0007442E;
			remoteInfo = LocatedApp;
		};
		5991B33B2E73141E0007442E /* PBXContainerItemProxy */ = {
			isa = PBXContainerItemProxy;
			containerPortal = 5991B31A2E73141D0007442E /* Project object */;
			proxyType = 1;
			remoteGlobalIDString = 5991B3212E73141D0007442E;
			remoteInfo = LocatedApp;
		};
/* End PBXContainerItemProxy section */

/* Begin PBXFileReference section */
		4EE2FD6E2FFFF1AF9E68C98E /* Pods-LocatedAppUITests.release.xcconfig */ = {isa = PBXFileReference; includeInIndex = 1; lastKnownFileType = text.xcconfig; name = "Pods-LocatedAppUITests.release.xcconfig"; path = "Target Support Files/Pods-LocatedAppUITests/Pods-LocatedAppUITests.release.xcconfig"; sourceTree = "<group>"; };
		5991B3222E73141D0007442E /* LocatedApp.app */ = {isa = PBXFileReference; explicitFileType = wrapper.application; includeInIndex = 0; path = LocatedApp.app; sourceTree = BUILT_PRODUCTS_DIR; };
		5991B3302E73141E0007442E /* LocatedAppTests.xctest */ = {isa = PBXFileReference; explicitFileType = wrapper.cfbundle; includeInIndex = 0; path = LocatedAppTests.xctest; sourceTree = BUILT_PRODUCTS_DIR; };
		5991B33A2E73141E0007442E /* LocatedAppUITests.xctest */ = {isa = PBXFileReference; explicitFileType = wrapper.cfbundle; includeInIndex = 0; path = LocatedAppUITests.xctest; sourceTree = BUILT_PRODUCTS_DIR; };
		74A934350091F30168351DF1 /* Pods-LocatedAppTests.debug.xcconfig */ = {isa = PBXFileReference; includeInIndex = 1; lastKnownFileType = text.xcconfig; name = "Pods-LocatedAppTests.debug.xcconfig"; path = "Target Support Files/Pods-LocatedAppTests/Pods-LocatedAppTests.debug.xcconfig"; sourceTree = "<group>"; };
		7C95CB6F7EEB38F451798E76 /* Pods-LocatedApp.release.xcconfig */ = {isa = PBXFileReference; includeInIndex = 1; lastKnownFileType = text.xcconfig; name = "Pods-LocatedApp.release.xcconfig"; path = "Target Support Files/Pods-LocatedApp/Pods-LocatedApp.release.xcconfig"; sourceTree = "<group>"; };
		8CF65714CE9119BB7491B97A /* Pods-LocatedApp.debug.xcconfig */ = {isa = PBXFileReference; includeInIndex = 1; lastKnownFileType = text.xcconfig; name = "Pods-LocatedApp.debug.xcconfig"; path = "Target Support Files/Pods-LocatedApp/Pods-LocatedApp.debug.xcconfig"; sourceTree = "<group>"; };
		BC25ACCE9C272031CED692B2 /* Pods-LocatedAppUITests.debug.xcconfig */ = {isa = PBXFileReference; includeInIndex = 1; lastKnownFileType = text.xcconfig; name = "Pods-LocatedAppUITests.debug.xcconfig"; path = "Target Support Files/Pods-LocatedAppUITests/Pods-LocatedAppUITests.debug.xcconfig"; sourceTree = "<group>"; };
		C24124B9BB8569559BA22F83 /* Pods_LocatedApp.framework */ = {isa = PBXFileReference; explicitFileType = wrapper.framework; includeInIndex = 0; path = Pods_LocatedApp.framework; sourceTree = BUILT_PRODUCTS_DIR; };
		C5945E576B37BB50B23A718B /* Pods-LocatedAppTests.release.xcconfig */ = {isa = PBXFileReference; includeInIndex = 1; lastKnownFileType = text.xcconfig; name = "Pods-LocatedAppTests.release.xcconfig"; path = "Target Support Files/Pods-LocatedAppTests/Pods-LocatedAppTests.release.xcconfig"; sourceTree = "<group>"; };
		CE42787E22C97F7237608687 /* Pods_LocatedAppTests.framework */ = {isa = PBXFileReference; explicitFileType = wrapper.framework; includeInIndex = 0; path = Pods_LocatedAppTests.framework; sourceTree = BUILT_PRODUCTS_DIR; };
		CF5716B1E64AB250942F4B8A /* Pods_LocatedAppUITests.framework */ = {isa = PBXFileReference; explicitFileType = wrapper.framework; includeInIndex = 0; path = Pods_LocatedAppUITests.framework; sourceTree = BUILT_PRODUCTS_DIR; };
/* End PBXFileReference section */

/* Begin PBXFileSystemSynchronizedBuildFileExceptionSet section */
		597E658C2E732896004348BB /* Exceptions for "LocatedApp" folder in "LocatedApp" target */ = {
			isa = PBXFileSystemSynchronizedBuildFileExceptionSet;
			membershipExceptions = (
				Info.plist,
			);
			target = 5991B3212E73141D0007442E /* LocatedApp */;
		};
		59D20D832E9407E800C48484 /* Exceptions for "LocatedApp" folder in "LocatedAppTests" target */ = {
			isa = PBXFileSystemSynchronizedBuildFileExceptionSet;
			membershipExceptions = (
				"RadioCanadaBig-Bold.ttf",
				"RadioCanadaBig-BoldItalic.ttf",
				"RadioCanadaBig-Italic.ttf",
				"RadioCanadaBig-Medium.ttf",
				"RadioCanadaBig-MediumItalic.ttf",
				"RadioCanadaBig-Regular.ttf",
				"RadioCanadaBig-SemiBold.ttf",
				"RadioCanadaBig-SemiBoldItalic.ttf",
			);
			target = 5991B32F2E73141E0007442E /* LocatedAppTests */;
		};
		59D20D842E9407E800C48484 /* Exceptions for "LocatedApp" folder in "LocatedAppUITests" target */ = {
			isa = PBXFileSystemSynchronizedBuildFileExceptionSet;
			membershipExceptions = (
				"RadioCanadaBig-Bold.ttf",
				"RadioCanadaBig-BoldItalic.ttf",
				"RadioCanadaBig-Italic.ttf",
				"RadioCanadaBig-Medium.ttf",
				"RadioCanadaBig-MediumItalic.ttf",
				"RadioCanadaBig-Regular.ttf",
				"RadioCanadaBig-SemiBold.ttf",
				"RadioCanadaBig-SemiBoldItalic.ttf",
			);
			target = 5991B3392E73141E0007442E /* LocatedAppUITests */;
		};
/* End PBXFileSystemSynchronizedBuildFileExceptionSet section */

/* Begin PBXFileSystemSynchronizedRootGroup section */
		5991B3242E73141D0007442E /* LocatedApp */ = {
			isa = PBXFileSystemSynchronizedRootGroup;
			exceptions = (
				597E658C2E732896004348BB /* Exceptions for "LocatedApp" folder in "LocatedApp" target */,
				59D20D832E9407E800C48484 /* Exceptions for "LocatedApp" folder in "LocatedAppTests" target */,
				59D20D842E9407E800C48484 /* Exceptions for "LocatedApp" folder in "LocatedAppUITests" target */,
			);
			path = LocatedApp;
			sourceTree = "<group>";
		};
		5991B3332E73141E0007442E /* LocatedAppTests */ = {
			isa = PBXFileSystemSynchronizedRootGroup;
			path = LocatedAppTests;
			sourceTree = "<group>";
		};
		5991B33D2E73141E0007442E /* LocatedAppUITests */ = {
			isa = PBXFileSystemSynchronizedRootGroup;
			path = LocatedAppUITests;
			sourceTree = "<group>";
		};
/* End PBXFileSystemSynchronizedRootGroup section */

/* Begin PBXFrameworksBuildPhase section */
		5991B31F2E73141D0007442E /* Frameworks */ = {
			isa = PBXFrameworksBuildPhase;
			buildActionMask = 2147483647;
			files = (
				9A8390EFFF0365780EAEC08E /* Pods_LocatedApp.framework in Frameworks */,
			);
			runOnlyForDeploymentPostprocessing = 0;
		};
		5991B32D2E73141E0007442E /* Frameworks */ = {
			isa = PBXFrameworksBuildPhase;
			buildActionMask = 2147483647;
			files = (
				235E2A2423953F54B0398170 /* Pods_LocatedAppTests.framework in Frameworks */,
			);
			runOnlyForDeploymentPostprocessing = 0;
		};
		5991B3372E73141E0007442E /* Frameworks */ = {
			isa = PBXFrameworksBuildPhase;
			buildActionMask = 2147483647;
			files = (
				B8255028A786D0A0FFBC95A4 /* Pods_LocatedAppUITests.framework in Frameworks */,
			);
			runOnlyForDeploymentPostprocessing = 0;
		};
/* End PBXFrameworksBuildPhase section */

/* Begin PBXGroup section */
		5991B3192E73141D0007442E = {
			isa = PBXGroup;
			children = (
				5991B3242E73141D0007442E /* LocatedApp */,
				5991B3332E73141E0007442E /* LocatedAppTests */,
				5991B33D2E73141E0007442E /* LocatedAppUITests */,
				5991B3232E73141D0007442E /* Products */,
				B6DDC2FD3D097A0C3FDB8FAE /* Pods */,
				92F0FF46848B6DD179855BE6 /* Frameworks */,
			);
			sourceTree = "<group>";
		};
		5991B3232E73141D0007442E /* Products */ = {
			isa = PBXGroup;
			children = (
				5991B3222E73141D0007442E /* LocatedApp.app */,
				5991B3302E73141E0007442E /* LocatedAppTests.xctest */,
				5991B33A2E73141E0007442E /* LocatedAppUITests.xctest */,
			);
			name = Products;
			sourceTree = "<group>";
		};
		92F0FF46848B6DD179855BE6 /* Frameworks */ = {
			isa = PBXGroup;
			children = (
				C24124B9BB8569559BA22F83 /* Pods_LocatedApp.framework */,
				CE42787E22C97F7237608687 /* Pods_LocatedAppTests.framework */,
				CF5716B1E64AB250942F4B8A /* Pods_LocatedAppUITests.framework */,
			);
			name = Frameworks;
			sourceTree = "<group>";
		};
		B6DDC2FD3D097A0C3FDB8FAE /* Pods */ = {
			isa = PBXGroup;
			children = (
				8CF65714CE9119BB7491B97A /* Pods-LocatedApp.debug.xcconfig */,
				7C95CB6F7EEB38F451798E76 /* Pods-LocatedApp.release.xcconfig */,
				74A934350091F30168351DF1 /* Pods-LocatedAppTests.debug.xcconfig */,
				C5945E576B37BB50B23A718B /* Pods-LocatedAppTests.release.xcconfig */,
				BC25ACCE9C272031CED692B2 /* Pods-LocatedAppUITests.debug.xcconfig */,
				4EE2FD6E2FFFF1AF9E68C98E /* Pods-LocatedAppUITests.release.xcconfig */,
			);
			path = Pods;
			sourceTree = "<group>";
		};
/* End PBXGroup section */

/* Begin PBXNativeTarget section */
		5991B3212E73141D0007442E /* LocatedApp */ = {
			isa = PBXNativeTarget;
			buildConfigurationList = 5991B3442E73141E0007442E /* Build configuration list for PBXNativeTarget "LocatedApp" */;
			buildPhases = (
				90080EE56D642AE067365D39 /* [CP] Check Pods Manifest.lock */,
				5991B31E2E73141D0007442E /* Sources */,
				5991B31F2E73141D0007442E /* Frameworks */,
				5991B3202E73141D0007442E /* Resources */,
				0BB41464696CD3C30F418C34 /* [CP] Copy Pods Resources */,
			);
			buildRules = (
			);
			dependencies = (
			);
			fileSystemSynchronizedGroups = (
				5991B3242E73141D0007442E /* LocatedApp */,
			);
			name = LocatedApp;
			productName = LocatedApp;
			productReference = 5991B3222E73141D0007442E /* LocatedApp.app */;
			productType = "com.apple.product-type.application";
		};
		5991B32F2E73141E0007442E /* LocatedAppTests */ = {
			isa = PBXNativeTarget;
			buildConfigurationList = 5991B3472E73141E0007442E /* Build configuration list for PBXNativeTarget "LocatedAppTests" */;
			buildPhases = (
				51D9F3C7CC060A70CDA9EDAB /* [CP] Check Pods Manifest.lock */,
				5991B32C2E73141E0007442E /* Sources */,
				5991B32D2E73141E0007442E /* Frameworks */,
				5991B32E2E73141E0007442E /* Resources */,
			);
			buildRules = (
			);
			dependencies = (
				5991B3322E73141E0007442E /* PBXTargetDependency */,
			);
			fileSystemSynchronizedGroups = (
				5991B3332E73141E0007442E /* LocatedAppTests */,
			);
			name = LocatedAppTests;
			productName = LocatedAppTests;
			productReference = 5991B3302E73141E0007442E /* LocatedAppTests.xctest */;
			productType = "com.apple.product-type.bundle.unit-test";
		};
		5991B3392E73141E0007442E /* LocatedAppUITests */ = {
			isa = PBXNativeTarget;
			buildConfigurationList = 5991B34A2E73141E0007442E /* Build configuration list for PBXNativeTarget "LocatedAppUITests" */;
			buildPhases = (
				868C1B9A7638AD1D82AA894F /* [CP] Check Pods Manifest.lock */,
				5991B3362E73141E0007442E /* Sources */,
				5991B3372E73141E0007442E /* Frameworks */,
				5991B3382E73141E0007442E /* Resources */,
			);
			buildRules = (
			);
			dependencies = (
				5991B33C2E73141E0007442E /* PBXTargetDependency */,
			);
			fileSystemSynchronizedGroups = (
				5991B33D2E73141E0007442E /* LocatedAppUITests */,
			);
			name = LocatedAppUITests;
			productName = LocatedAppUITests;
			productReference = 5991B33A2E73141E0007442E /* LocatedAppUITests.xctest */;
			productType = "com.apple.product-type.bundle.ui-testing";
		};
/* End PBXNativeTarget section */

/* Begin PBXProject section */
		5991B31A2E73141D0007442E /* Project object */ = {
			isa = PBXProject;
			attributes = {
				BuildIndependentTargetsInParallel = 1;
				LastSwiftUpdateCheck = 1640;
				LastUpgradeCheck = 1640;
				TargetAttributes = {
					5991B3212E73141D0007442E = {
						CreatedOnToolsVersion = 16.4;
					};
					5991B32F2E73141E0007442E = {
						CreatedOnToolsVersion = 16.4;
						TestTargetID = 5991B3212E73141D0007442E;
					};
					5991B3392E73141E0007442E = {
						CreatedOnToolsVersion = 16.4;
						TestTargetID = 5991B3212E73141D0007442E;
					};
				};
			};
			buildConfigurationList = 5991B31D2E73141D0007442E /* Build configuration list for PBXProject "LocatedApp" */;
			developmentRegion = en;
			hasScannedForEncodings = 0;
			knownRegions = (
				en,
				Base,
			);
			mainGroup = 5991B3192E73141D0007442E;
			minimizedProjectReferenceProxies = 1;
			preferredProjectObjectVersion = 77;
			productRefGroup = 5991B3232E73141D0007442E /* Products */;
			projectDirPath = "";
			projectRoot = "";
			targets = (
				5991B3212E73141D0007442E /* LocatedApp */,
				5991B32F2E73141E0007442E /* LocatedAppTests */,
				5991B3392E73141E0007442E /* LocatedAppUITests */,
			);
		};
/* End PBXProject section */

/* Begin PBXResourcesBuildPhase section */
		5991B3202E73141D0007442E /* Resources */ = {
			isa = PBXResourcesBuildPhase;
			buildActionMask = 2147483647;
			files = (
			);
			runOnlyForDeploymentPostprocessing = 0;
		};
		5991B32E2E73141E0007442E /* Resources */ = {
			isa = PBXResourcesBuildPhase;
			buildActionMask = 2147483647;
			files = (
			);
			runOnlyForDeploymentPostprocessing = 0;
		};
		5991B3382E73141E0007442E /* Resources */ = {
			isa = PBXResourcesBuildPhase;
			buildActionMask = 2147483647;
			files = (
			);
			runOnlyForDeploymentPostprocessing = 0;
		};
/* End PBXResourcesBuildPhase section */

/* Begin PBXShellScriptBuildPhase section */
		0BB41464696CD3C30F418C34 /* [CP] Copy Pods Resources */ = {
			isa = PBXShellScriptBuildPhase;
			buildActionMask = 2147483647;
			files = (
			);
			inputFileListPaths = (
				"${PODS_ROOT}/Target Support Files/Pods-LocatedApp/Pods-LocatedApp-resources-${CONFIGURATION}-input-files.xcfilelist",
			);
			inputPaths = (
			);
			name = "[CP] Copy Pods Resources";
			outputFileListPaths = (
				"${PODS_ROOT}/Target Support Files/Pods-LocatedApp/Pods-LocatedApp-resources-${CONFIGURATION}-output-files.xcfilelist",
			);
			outputPaths = (
			);
			runOnlyForDeploymentPostprocessing = 0;
			shellPath = /bin/sh;
			shellScript = "\"${PODS_ROOT}/Target Support Files/Pods-LocatedApp/Pods-LocatedApp-resources.sh\"\n";
			showEnvVarsInLog = 0;
		};
		51D9F3C7CC060A70CDA9EDAB /* [CP] Check Pods Manifest.lock */ = {
			isa = PBXShellScriptBuildPhase;
			buildActionMask = 2147483647;
			files = (
			);
			inputFileListPaths = (
			);
			inputPaths = (
				"${PODS_PODFILE_DIR_PATH}/Podfile.lock",
				"${PODS_ROOT}/Manifest.lock",
			);
			name = "[CP] Check Pods Manifest.lock";
			outputFileListPaths = (
			);
			outputPaths = (
				"$(DERIVED_FILE_DIR)/Pods-LocatedAppTests-checkManifestLockResult.txt",
			);
			runOnlyForDeploymentPostprocessing = 0;
			shellPath = /bin/sh;
			shellScript = "diff \"${PODS_PODFILE_DIR_PATH}/Podfile.lock\" \"${PODS_ROOT}/Manifest.lock\" > /dev/null\nif [ $? != 0 ] ; then\n    # print error to STDERR\n    echo \"error: The sandbox is not in sync with the Podfile.lock. Run 'pod install' or update your CocoaPods installation.\" >&2\n    exit 1\nfi\n# This output is used by Xcode 'outputs' to avoid re-running this script phase.\necho \"SUCCESS\" > \"${SCRIPT_OUTPUT_FILE_0}\"\n";
			showEnvVarsInLog = 0;
		};
		868C1B9A7638AD1D82AA894F /* [CP] Check Pods Manifest.lock */ = {
			isa = PBXShellScriptBuildPhase;
			buildActionMask = 2147483647;
			files = (
			);
			inputFileListPaths = (
			);
			inputPaths = (
				"${PODS_PODFILE_DIR_PATH}/Podfile.lock",
				"${PODS_ROOT}/Manifest.lock",
			);
			name = "[CP] Check Pods Manifest.lock";
			outputFileListPaths = (
			);
			outputPaths = (
				"$(DERIVED_FILE_DIR)/Pods-LocatedAppUITests-checkManifestLockResult.txt",
			);
			runOnlyForDeploymentPostprocessing = 0;
			shellPath = /bin/sh;
			shellScript = "diff \"${PODS_PODFILE_DIR_PATH}/Podfile.lock\" \"${PODS_ROOT}/Manifest.lock\" > /dev/null\nif [ $? != 0 ] ; then\n    # print error to STDERR\n    echo \"error: The sandbox is not in sync with the Podfile.lock. Run 'pod install' or update your CocoaPods installation.\" >&2\n    exit 1\nfi\n# This output is used by Xcode 'outputs' to avoid re-running this script phase.\necho \"SUCCESS\" > \"${SCRIPT_OUTPUT_FILE_0}\"\n";
			showEnvVarsInLog = 0;
		};
		90080EE56D642AE067365D39 /* [CP] Check Pods Manifest.lock */ = {
			isa = PBXShellScriptBuildPhase;
			buildActionMask = 2147483647;
			files = (
			);
			inputFileListPaths = (
			);
			inputPaths = (
				"${PODS_PODFILE_DIR_PATH}/Podfile.lock",
				"${PODS_ROOT}/Manifest.lock",
			);
			name = "[CP] Check Pods Manifest.lock";
			outputFileListPaths = (
			);
			outputPaths = (
				"$(DERIVED_FILE_DIR)/Pods-LocatedApp-checkManifestLockResult.txt",
			);
			runOnlyForDeploymentPostprocessing = 0;
			shellPath = /bin/sh;
			shellScript = "diff \"${PODS_PODFILE_DIR_PATH}/Podfile.lock\" \"${PODS_ROOT}/Manifest.lock\" > /dev/null\nif [ $? != 0 ] ; then\n    # print error to STDERR\n    echo \"error: The sandbox is not in sync with the Podfile.lock. Run 'pod install' or update your CocoaPods installation.\" >&2\n    exit 1\nfi\n# This output is used by Xcode 'outputs' to avoid re-running this script phase.\necho \"SUCCESS\" > \"${SCRIPT_OUTPUT_FILE_0}\"\n";
			showEnvVarsInLog = 0;
		};
/* End PBXShellScriptBuildPhase section */

/* Begin PBXSourcesBuildPhase section */
		5991B31E2E73141D0007442E /* Sources */ = {
			isa = PBXSourcesBuildPhase;
			buildActionMask = 2147483647;
			files = (
			);
			runOnlyForDeploymentPostprocessing = 0;
		};
		5991B32C2E73141E0007442E /* Sources */ = {
			isa = PBXSourcesBuildPhase;
			buildActionMask = 2147483647;
			files = (
			);
			runOnlyForDeploymentPostprocessing = 0;
		};
		5991B3362E73141E0007442E /* Sources */ = {
			isa = PBXSourcesBuildPhase;
			buildActionMask = 2147483647;
			files = (
			);
			runOnlyForDeploymentPostprocessing = 0;
		};
/* End PBXSourcesBuildPhase section */

/* Begin PBXTargetDependency section */
		5991B3322E73141E0007442E /* PBXTargetDependency */ = {
			isa = PBXTargetDependency;
			target = 5991B3212E73141D0007442E /* LocatedApp */;
			targetProxy = 5991B3312E73141E0007442E /* PBXContainerItemProxy */;
		};
		5991B33C2E73141E0007442E /* PBXTargetDependency */ = {
			isa = PBXTargetDependency;
			target = 5991B3212E73141D0007442E /* LocatedApp */;
			targetProxy = 5991B33B2E73141E0007442E /* PBXContainerItemProxy */;
		};
/* End PBXTargetDependency section */

/* Begin XCBuildConfiguration section */
		5991B3422E73141E0007442E /* Debug */ = {
			isa = XCBuildConfiguration;
			buildSettings = {
				ALWAYS_SEARCH_USER_PATHS = NO;
				ASSETCATALOG_COMPILER_GENERATE_SWIFT_ASSET_SYMBOL_EXTENSIONS = YES;
				CLANG_ANALYZER_NONNULL = YES;
				CLANG_ANALYZER_NUMBER_OBJECT_CONVERSION = YES_AGGRESSIVE;
				CLANG_CXX_LANGUAGE_STANDARD = "gnu++20";
				CLANG_ENABLE_MODULES = YES;
				CLANG_ENABLE_OBJC_ARC = YES;
				CLANG_ENABLE_OBJC_WEAK = YES;
				CLANG_WARN_BLOCK_CAPTURE_AUTORELEASING = YES;
				CLANG_WARN_BOOL_CONVERSION = YES;
				CLANG_WARN_COMMA = YES;
				CLANG_WARN_CONSTANT_CONVERSION = YES;
				CLANG_WARN_DEPRECATED_OBJC_IMPLEMENTATIONS = YES;
				CLANG_WARN_DIRECT_OBJC_ISA_USAGE = YES_ERROR;
				CLANG_WARN_DOCUMENTATION_COMMENTS = YES;
				CLANG_WARN_EMPTY_BODY = YES;
				CLANG_WARN_ENUM_CONVERSION = YES;
				CLANG_WARN_INFINITE_RECURSION = YES;
				CLANG_WARN_INT_CONVERSION = YES;
				CLANG_WARN_NON_LITERAL_NULL_CONVERSION = YES;
				CLANG_WARN_OBJC_IMPLICIT_RETAIN_SELF = YES;
				CLANG_WARN_OBJC_LITERAL_CONVERSION = YES;
				CLANG_WARN_OBJC_ROOT_CLASS = YES_ERROR;
				CLANG_WARN_QUOTED_INCLUDE_IN_FRAMEWORK_HEADER = YES;
				CLANG_WARN_RANGE_LOOP_ANALYSIS = YES;
				CLANG_WARN_STRICT_PROTOTYPES = YES;
				CLANG_WARN_SUSPICIOUS_MOVE = YES;
				CLANG_WARN_UNGUARDED_AVAILABILITY = YES_AGGRESSIVE;
				CLANG_WARN_UNREACHABLE_CODE = YES;
				CLANG_WARN__DUPLICATE_METHOD_MATCH = YES;
				COPY_PHASE_STRIP = NO;
				DEBUG_INFORMATION_FORMAT = dwarf;
				DEVELOPMENT_TEAM = F4GTDW4R2J;
				ENABLE_STRICT_OBJC_MSGSEND = YES;
				ENABLE_TESTABILITY = YES;
				ENABLE_USER_SCRIPT_SANDBOXING = NO;
				GCC_C_LANGUAGE_STANDARD = gnu17;
				GCC_DYNAMIC_NO_PIC = NO;
				GCC_NO_COMMON_BLOCKS = YES;
				GCC_OPTIMIZATION_LEVEL = 0;
				GCC_PREPROCESSOR_DEFINITIONS = (
					"DEBUG=1",
					"$(inherited)",
				);
				GCC_WARN_64_TO_32_BIT_CONVERSION = YES;
				GCC_WARN_ABOUT_RETURN_TYPE = YES_ERROR;
				GCC_WARN_UNDECLARED_SELECTOR = YES;
				GCC_WARN_UNINITIALIZED_AUTOS = YES_AGGRESSIVE;
				GCC_WARN_UNUSED_FUNCTION = YES;
				GCC_WARN_UNUSED_VARIABLE = YES;
				LOCALIZATION_PREFERS_STRING_CATALOGS = YES;
				MTL_ENABLE_DEBUG_INFO = INCLUDE_SOURCE;
				MTL_FAST_MATH = YES;
				ONLY_ACTIVE_ARCH = YES;
				SWIFT_ACTIVE_COMPILATION_CONDITIONS = "DEBUG $(inherited)";
				SWIFT_OPTIMIZATION_LEVEL = "-Onone";
			};
			name = Debug;
		};
		5991B3432E73141E0007442E /* Release */ = {
			isa = XCBuildConfiguration;
			buildSettings = {
				ALWAYS_SEARCH_USER_PATHS = NO;
				ASSETCATALOG_COMPILER_GENERATE_SWIFT_ASSET_SYMBOL_EXTENSIONS = YES;
				CLANG_ANALYZER_NONNULL = YES;
				CLANG_ANALYZER_NUMBER_OBJECT_CONVERSION = YES_AGGRESSIVE;
				CLANG_CXX_LANGUAGE_STANDARD = "gnu++20";
				CLANG_ENABLE_MODULES = YES;
				CLANG_ENABLE_OBJC_ARC = YES;
				CLANG_ENABLE_OBJC_WEAK = YES;
				CLANG_WARN_BLOCK_CAPTURE_AUTORELEASING = YES;
				CLANG_WARN_BOOL_CONVERSION = YES;
				CLANG_WARN_COMMA = YES;
				CLANG_WARN_CONSTANT_CONVERSION = YES;
				CLANG_WARN_DEPRECATED_OBJC_IMPLEMENTATIONS = YES;
				CLANG_WARN_DIRECT_OBJC_ISA_USAGE = YES_ERROR;
				CLANG_WARN_DOCUMENTATION_COMMENTS = YES;
				CLANG_WARN_EMPTY_BODY = YES;
				CLANG_WARN_ENUM_CONVERSION = YES;
				CLANG_WARN_INFINITE_RECURSION = YES;
				CLANG_WARN_INT_CONVERSION = YES;
				CLANG_WARN_NON_LITERAL_NULL_CONVERSION = YES;
				CLANG_WARN_OBJC_IMPLICIT_RETAIN_SELF = YES;
				CLANG_WARN_OBJC_LITERAL_CONVERSION = YES;
				CLANG_WARN_OBJC_ROOT_CLASS = YES_ERROR;
				CLANG_WARN_QUOTED_INCLUDE_IN_FRAMEWORK_HEADER = YES;
				CLANG_WARN_RANGE_LOOP_ANALYSIS = YES;
				CLANG_WARN_STRICT_PROTOTYPES = YES;
				CLANG_WARN_SUSPICIOUS_MOVE = YES;
				CLANG_WARN_UNGUARDED_AVAILABILITY = YES_AGGRESSIVE;
				CLANG_WARN_UNREACHABLE_CODE = YES;
				CLANG_WARN__DUPLICATE_METHOD_MATCH = YES;
				COPY_PHASE_STRIP = NO;
				DEBUG_INFORMATION_FORMAT = "dwarf-with-dsym";
				DEVELOPMENT_TEAM = F4GTDW4R2J;
				ENABLE_NS_ASSERTIONS = NO;
				ENABLE_STRICT_OBJC_MSGSEND = YES;
				ENABLE_USER_SCRIPT_SANDBOXING = NO;
				GCC_C_LANGUAGE_STANDARD = gnu17;
				GCC_NO_COMMON_BLOCKS = YES;
				GCC_WARN_64_TO_32_BIT_CONVERSION = YES;
				GCC_WARN_ABOUT_RETURN_TYPE = YES_ERROR;
				GCC_WARN_UNDECLARED_SELECTOR = YES;
				GCC_WARN_UNINITIALIZED_AUTOS = YES_AGGRESSIVE;
				GCC_WARN_UNUSED_FUNCTION = YES;
				GCC_WARN_UNUSED_VARIABLE = YES;
				LOCALIZATION_PREFERS_STRING_CATALOGS = YES;
				MTL_ENABLE_DEBUG_INFO = NO;
				MTL_FAST_MATH = YES;
				SWIFT_COMPILATION_MODE = wholemodule;
			};
			name = Release;
		};
		5991B3452E73141E0007442E /* Debug */ = {
			isa = XCBuildConfiguration;
			baseConfigurationReference = 8CF65714CE9119BB7491B97A /* Pods-LocatedApp.debug.xcconfig */;
			buildSettings = {
				ASSETCATALOG_COMPILER_APPICON_NAME = AppIcon;
				ASSETCATALOG_COMPILER_GLOBAL_ACCENT_COLOR_NAME = AccentColor;
				CODE_SIGN_ENTITLEMENTS = LocatedApp/LocatedApp.entitlements;
				CODE_SIGN_IDENTITY = "Apple Development";
				CODE_SIGN_STYLE = Automatic;
				CURRENT_PROJECT_VERSION = 1;
				DEVELOPMENT_TEAM = F4GTDW4R2J;
				ENABLE_HARDENED_RUNTIME = YES;
				ENABLE_PREVIEWS = YES;
				GENERATE_INFOPLIST_FILE = YES;
				INFOPLIST_FILE = LocatedApp/Info.plist;
				INFOPLIST_KEY_NSLocationAlwaysAndWhenInUseUsageDescription = "Located needs continuous access to your location to keep your family safe. This allows geofence alerts (like arriving at school) and real-time location sharing to work even when the app is closed.";
				INFOPLIST_KEY_NSLocationAlwaysUsageDescription = "Located needs background location access to keep your family safe. This allows geofence alerts and location sharing to work even when the app is closed.";
				INFOPLIST_KEY_NSLocationWhenInUseUsageDescription = "Located needs access to your location to show where you are on the family map.";
				"INFOPLIST_KEY_UIApplicationSceneManifest_Generation[sdk=iphoneos*]" = YES;
				"INFOPLIST_KEY_UIApplicationSceneManifest_Generation[sdk=iphonesimulator*]" = YES;
				"INFOPLIST_KEY_UIApplicationSupportsIndirectInputEvents[sdk=iphoneos*]" = YES;
				"INFOPLIST_KEY_UIApplicationSupportsIndirectInputEvents[sdk=iphonesimulator*]" = YES;
				"INFOPLIST_KEY_UILaunchScreen_Generation[sdk=iphoneos*]" = YES;
				"INFOPLIST_KEY_UILaunchScreen_Generation[sdk=iphonesimulator*]" = YES;
				INFOPLIST_KEY_UILaunchStoryboardName = LaunchScreen;
				"INFOPLIST_KEY_UIStatusBarStyle[sdk=iphoneos*]" = UIStatusBarStyleDefault;
				"INFOPLIST_KEY_UIStatusBarStyle[sdk=iphonesimulator*]" = UIStatusBarStyleDefault;
				INFOPLIST_KEY_UISupportedInterfaceOrientations_iPad = "UIInterfaceOrientationPortrait UIInterfaceOrientationPortraitUpsideDown UIInterfaceOrientationLandscapeLeft UIInterfaceOrientationLandscapeRight";
				INFOPLIST_KEY_UISupportedInterfaceOrientations_iPhone = "UIInterfaceOrientationPortrait UIInterfaceOrientationLandscapeLeft UIInterfaceOrientationLandscapeRight";
				IPHONEOS_DEPLOYMENT_TARGET = 15.6;
				LD_RUNPATH_SEARCH_PATHS = (
					"$(inherited)",
					"@executable_path/Frameworks",
				);
				"LD_RUNPATH_SEARCH_PATHS[sdk=macosx*]" = (
					"$(inherited)",
					"@executable_path/../Frameworks",
				);
				MACOSX_DEPLOYMENT_TARGET = 15.5;
				MARKETING_VERSION = 1.0;
				PRODUCT_BUNDLE_IDENTIFIER = com.zimplify.located;
				PRODUCT_NAME = "$(TARGET_NAME)";
				PROVISIONING_PROFILE_SPECIFIER = "";
				REGISTER_APP_GROUPS = YES;
				SDKROOT = auto;
				SUPPORTED_PLATFORMS = "iphoneos iphonesimulator macosx xros xrsimulator";
				SWIFT_EMIT_LOC_STRINGS = YES;
				SWIFT_VERSION = 5.0;
				TARGETED_DEVICE_FAMILY = "1";
				XROS_DEPLOYMENT_TARGET = 2.5;
			};
			name = Debug;
		};
		5991B3462E73141E0007442E /* Release */ = {
			isa = XCBuildConfiguration;
			baseConfigurationReference = 7C95CB6F7EEB38F451798E76 /* Pods-LocatedApp.release.xcconfig */;
			buildSettings = {
				ASSETCATALOG_COMPILER_APPICON_NAME = AppIcon;
				ASSETCATALOG_COMPILER_GLOBAL_ACCENT_COLOR_NAME = AccentColor;
				CODE_SIGN_ENTITLEMENTS = LocatedApp/LocatedApp.entitlements;
				CODE_SIGN_IDENTITY = "Apple Development";
				CODE_SIGN_STYLE = Automatic;
				CURRENT_PROJECT_VERSION = 1;
				DEVELOPMENT_TEAM = F4GTDW4R2J;
				ENABLE_HARDENED_RUNTIME = YES;
				ENABLE_PREVIEWS = YES;
				GENERATE_INFOPLIST_FILE = YES;
				INFOPLIST_FILE = LocatedApp/Info.plist;
				INFOPLIST_KEY_NSLocationAlwaysAndWhenInUseUsageDescription = "Located needs continuous access to your location to keep your family safe. This allows geofence alerts (like arriving at school) and real-time location sharing to work even when the app is closed.";
				INFOPLIST_KEY_NSLocationAlwaysUsageDescription = "Located needs background location access to keep your family safe. This allows geofence alerts and location sharing to work even when the app is closed.";
				INFOPLIST_KEY_NSLocationWhenInUseUsageDescription = "Located needs access to your location to show where you are on the family map.";
				"INFOPLIST_KEY_UIApplicationSceneManifest_Generation[sdk=iphoneos*]" = YES;
				"INFOPLIST_KEY_UIApplicationSceneManifest_Generation[sdk=iphonesimulator*]" = YES;
				"INFOPLIST_KEY_UIApplicationSupportsIndirectInputEvents[sdk=iphoneos*]" = YES;
				"INFOPLIST_KEY_UIApplicationSupportsIndirectInputEvents[sdk=iphonesimulator*]" = YES;
				"INFOPLIST_KEY_UILaunchScreen_Generation[sdk=iphoneos*]" = YES;
				"INFOPLIST_KEY_UILaunchScreen_Generation[sdk=iphonesimulator*]" = YES;
				INFOPLIST_KEY_UILaunchStoryboardName = LaunchScreen;
				"INFOPLIST_KEY_UIStatusBarStyle[sdk=iphoneos*]" = UIStatusBarStyleDefault;
				"INFOPLIST_KEY_UIStatusBarStyle[sdk=iphonesimulator*]" = UIStatusBarStyleDefault;
				INFOPLIST_KEY_UISupportedInterfaceOrientations_iPad = "UIInterfaceOrientationPortrait UIInterfaceOrientationPortraitUpsideDown UIInterfaceOrientationLandscapeLeft UIInterfaceOrientationLandscapeRight";
				INFOPLIST_KEY_UISupportedInterfaceOrientations_iPhone = "UIInterfaceOrientationPortrait UIInterfaceOrientationLandscapeLeft UIInterfaceOrientationLandscapeRight";
				IPHONEOS_DEPLOYMENT_TARGET = 15.6;
				LD_RUNPATH_SEARCH_PATHS = (
					"$(inherited)",
					"@executable_path/Frameworks",
				);
				"LD_RUNPATH_SEARCH_PATHS[sdk=macosx*]" = (
					"$(inherited)",
					"@executable_path/../Frameworks",
				);
				MACOSX_DEPLOYMENT_TARGET = 15.5;
				MARKETING_VERSION = 1.0;
				PRODUCT_BUNDLE_IDENTIFIER = com.zimplify.located;
				PRODUCT_NAME = "$(TARGET_NAME)";
				PROVISIONING_PROFILE_SPECIFIER = "";
				REGISTER_APP_GROUPS = YES;
				SDKROOT = auto;
				SUPPORTED_PLATFORMS = "iphoneos iphonesimulator macosx xros xrsimulator";
				SWIFT_EMIT_LOC_STRINGS = YES;
				SWIFT_VERSION = 5.0;
				TARGETED_DEVICE_FAMILY = "1";
				XROS_DEPLOYMENT_TARGET = 2.5;
			};
			name = Release;
		};
		5991B3482E73141E0007442E /* Debug */ = {
			isa = XCBuildConfiguration;
			baseConfigurationReference = 74A934350091F30168351DF1 /* Pods-LocatedAppTests.debug.xcconfig */;
			buildSettings = {
				BUNDLE_LOADER = "$(TEST_HOST)";
				CODE_SIGN_STYLE = Automatic;
				CURRENT_PROJECT_VERSION = 1;
				DEVELOPMENT_TEAM = F4GTDW4R2J;
				GENERATE_INFOPLIST_FILE = YES;
				IPHONEOS_DEPLOYMENT_TARGET = 18.5;
				MACOSX_DEPLOYMENT_TARGET = 15.5;
				MARKETING_VERSION = 1.0;
				PRODUCT_BUNDLE_IDENTIFIER = Zimplify.LocatedAppTests;
				PRODUCT_NAME = "$(TARGET_NAME)";
				SDKROOT = auto;
				SUPPORTED_PLATFORMS = "iphoneos iphonesimulator macosx xros xrsimulator";
				SWIFT_EMIT_LOC_STRINGS = NO;
				SWIFT_VERSION = 5.0;
				TARGETED_DEVICE_FAMILY = "1";
				TEST_HOST = "$(BUILT_PRODUCTS_DIR)/LocatedApp.app/$(BUNDLE_EXECUTABLE_FOLDER_PATH)/LocatedApp";
				XROS_DEPLOYMENT_TARGET = 2.5;
			};
			name = Debug;
		};
		5991B3492E73141E0007442E /* Release */ = {
			isa = XCBuildConfiguration;
			baseConfigurationReference = C5945E576B37BB50B23A718B /* Pods-LocatedAppTests.release.xcconfig */;
			buildSettings = {
				BUNDLE_LOADER = "$(TEST_HOST)";
				CODE_SIGN_STYLE = Automatic;
				CURRENT_PROJECT_VERSION = 1;
				DEVELOPMENT_TEAM = F4GTDW4R2J;
				GENERATE_INFOPLIST_FILE = YES;
				IPHONEOS_DEPLOYMENT_TARGET = 18.5;
				MACOSX_DEPLOYMENT_TARGET = 15.5;
				MARKETING_VERSION = 1.0;
				PRODUCT_BUNDLE_IDENTIFIER = Zimplify.LocatedAppTests;
				PRODUCT_NAME = "$(TARGET_NAME)";
				SDKROOT = auto;
				SUPPORTED_PLATFORMS = "iphoneos iphonesimulator macosx xros xrsimulator";
				SWIFT_EMIT_LOC_STRINGS = NO;
				SWIFT_VERSION = 5.0;
				TARGETED_DEVICE_FAMILY = "1";
				TEST_HOST = "$(BUILT_PRODUCTS_DIR)/LocatedApp.app/$(BUNDLE_EXECUTABLE_FOLDER_PATH)/LocatedApp";
				XROS_DEPLOYMENT_TARGET = 2.5;
			};
			name = Release;
		};
		5991B34B2E73141E0007442E /* Debug */ = {
			isa = XCBuildConfiguration;
			baseConfigurationReference = BC25ACCE9C272031CED692B2 /* Pods-LocatedAppUITests.debug.xcconfig */;
			buildSettings = {
				CODE_SIGN_STYLE = Automatic;
				CURRENT_PROJECT_VERSION = 1;
				DEVELOPMENT_TEAM = F4GTDW4R2J;
				GENERATE_INFOPLIST_FILE = YES;
				IPHONEOS_DEPLOYMENT_TARGET = 18.5;
				MACOSX_DEPLOYMENT_TARGET = 15.5;
				MARKETING_VERSION = 1.0;
				PRODUCT_BUNDLE_IDENTIFIER = Zimplify.LocatedAppUITests;
				PRODUCT_NAME = "$(TARGET_NAME)";
				SDKROOT = auto;
				SUPPORTED_PLATFORMS = "iphoneos iphonesimulator macosx xros xrsimulator";
				SWIFT_EMIT_LOC_STRINGS = NO;
				SWIFT_VERSION = 5.0;
				TARGETED_DEVICE_FAMILY = "1";
				TEST_TARGET_NAME = LocatedApp;
				XROS_DEPLOYMENT_TARGET = 2.5;
			};
			name = Debug;
		};
		5991B34C2E73141E0007442E /* Release */ = {
			isa = XCBuildConfiguration;
			baseConfigurationReference = 4EE2FD6E2FFFF1AF9E68C98E /* Pods-LocatedAppUITests.release.xcconfig */;
			buildSettings = {
				CODE_SIGN_STYLE = Automatic;
				CURRENT_PROJECT_VERSION = 1;
				DEVELOPMENT_TEAM = F4GTDW4R2J;
				GENERATE_INFOPLIST_FILE = YES;
				IPHONEOS_DEPLOYMENT_TARGET = 18.5;
				MACOSX_DEPLOYMENT_TARGET = 15.5;
				MARKETING_VERSION = 1.0;
				PRODUCT_BUNDLE_IDENTIFIER = Zimplify.LocatedAppUITests;
				PRODUCT_NAME = "$(TARGET_NAME)";
				SDKROOT = auto;
				SUPPORTED_PLATFORMS = "iphoneos iphonesimulator macosx xros xrsimulator";
				SWIFT_EMIT_LOC_STRINGS = NO;
				SWIFT_VERSION = 5.0;
				TARGETED_DEVICE_FAMILY = "1";
				TEST_TARGET_NAME = LocatedApp;
				XROS_DEPLOYMENT_TARGET = 2.5;
			};
			name = Release;
		};
/* End XCBuildConfiguration section */

/* Begin XCConfigurationList section */
		5991B31D2E73141D0007442E /* Build configuration list for PBXProject "LocatedApp" */ = {
			isa = XCConfigurationList;
			buildConfigurations = (
				5991B3422E73141E0007442E /* Debug */,
				5991B3432E73141E0007442E /* Release */,
			);
			defaultConfigurationIsVisible = 0;
			defaultConfigurationName = Release;
		};
		5991B3442E73141E0007442E /* Build configuration list for PBXNativeTarget "LocatedApp" */ = {
			isa = XCConfigurationList;
			buildConfigurations = (
				5991B3452E73141E0007442E /* Debug */,
				5991B3462E73141E0007442E /* Release */,
			);
			defaultConfigurationIsVisible = 0;
			defaultConfigurationName = Release;
		};
		5991B3472E73141E0007442E /* Build configuration list for PBXNativeTarget "LocatedAppTests" */ = {
			isa = XCConfigurationList;
			buildConfigurations = (
				5991B3482E73141E0007442E /* Debug */,
				5991B3492E73141E0007442E /* Release */,
			);
			defaultConfigurationIsVisible = 0;
			defaultConfigurationName = Release;
		};
		5991B34A2E73141E0007442E /* Build configuration list for PBXNativeTarget "LocatedAppUITests" */ = {
			isa = XCConfigurationList;
			buildConfigurations = (
				5991B34B2E73141E0007442E /* Debug */,
				5991B34C2E73141E0007442E /* Release */,
			);
			defaultConfigurationIsVisible = 0;
			defaultConfigurationName = Release;
		};
/* End XCConfigurationList section */
	};
	rootObject = 5991B31A2E73141D0007442E /* Project object */;
}
